// !$*UTF8*$!
{
	archiveVersion = 1;
	classes = {
	};
	objectVersion = 48;
	objects = {

/* Begin PBXBuildFile section */
		C4178A42208B8B80003FB5C8 /* DropView.swift in Sources */ = {isa = PBXBuildFile; fileRef = C4178A41208B8B80003FB5C8 /* DropView.swift */; };
		C492AA24208C7C8D0064AAF5 /* CollectionItem.swift in Sources */ = {isa = PBXBuildFile; fileRef = C492AA22208C7C8D0064AAF5 /* CollectionItem.swift */; };
		C492AA25208C7C8D0064AAF5 /* CollectionItem.xib in Resources */ = {isa = PBXBuildFile; fileRef = C492AA23208C7C8D0064AAF5 /* CollectionItem.xib */; };
		C4D6BFAA208B55C100C11035 /* Movie.swift in Sources */ = {isa = PBXBuildFile; fileRef = C4D6BFA9208B55C100C11035 /* Movie.swift */; };
		C4D6BFAC208B5AB900C11035 /* Tag.swift in Sources */ = {isa = PBXBuildFile; fileRef = C4D6BFAB208B5AB900C11035 /* Tag.swift */; };
		C4D6BFAF208B5D4A00C11035 /* DataManager.swift in Sources */ = {isa = PBXBuildFile; fileRef = C4D6BFAE208B5D4A00C11035 /* DataManager.swift */; };
		C4D6BFB1208B68D100C11035 /* Extensions.swift in Sources */ = {isa = PBXBuildFile; fileRef = C4D6BFB0208B68D100C11035 /* Extensions.swift */; };
		C4DEEB90208B4384006A1FAB /* AppDelegate.swift in Sources */ = {isa = PBXBuildFile; fileRef = C4DEEB8F208B4384006A1FAB /* AppDelegate.swift */; };
		C4DEEB92208B4384006A1FAB /* MainViewController.swift in Sources */ = {isa = PBXBuildFile; fileRef = C4DEEB91208B4384006A1FAB /* MainViewController.swift */; };
		C4DEEB94208B4384006A1FAB /* Assets.xcassets in Resources */ = {isa = PBXBuildFile; fileRef = C4DEEB93208B4384006A1FAB /* Assets.xcassets */; };
		C4DEEB97208B4384006A1FAB /* Main.storyboard in Resources */ = {isa = PBXBuildFile; fileRef = C4DEEB95208B4384006A1FAB /* Main.storyboard */; };
		C4DEEBA1208B43E0006A1FAB /* FolderDropView.swift in Sources */ = {isa = PBXBuildFile; fileRef = C4DEEB9F208B43E0006A1FAB /* FolderDropView.swift */; };
		FA4CA1551A19BC33196DE46A /* Pods_MoviePicker.framework in Frameworks */ = {isa = PBXBuildFile; fileRef = C3E884548622516804E1970D /* Pods_MoviePicker.framework */; };
/* End PBXBuildFile section */

/* Begin PBXFileReference section */
		5B7A34A037A0751BFCFC5BF1 /* Pods-MoviePicker.release.xcconfig */ = {isa = PBXFileReference; includeInIndex = 1; lastKnownFileType = text.xcconfig; name = "Pods-MoviePicker.release.xcconfig"; path = "Pods/Target Support Files/Pods-MoviePicker/Pods-MoviePicker.release.xcconfig"; sourceTree = "<group>"; };
		9675E6705D1065D3213B96E3 /* Pods-MoviePicker.debug.xcconfig */ = {isa = PBXFileReference; includeInIndex = 1; lastKnownFileType = text.xcconfig; name = "Pods-MoviePicker.debug.xcconfig"; path = "Pods/Target Support Files/Pods-MoviePicker/Pods-MoviePicker.debug.xcconfig"; sourceTree = "<group>"; };
		C3E884548622516804E1970D /* Pods_MoviePicker.framework */ = {isa = PBXFileReference; explicitFileType = wrapper.framework; includeInIndex = 0; path = Pods_MoviePicker.framework; sourceTree = BUILT_PRODUCTS_DIR; };
		C4178A41208B8B80003FB5C8 /* DropView.swift */ = {isa = PBXFileReference; fileEncoding = 4; lastKnownFileType = sourcecode.swift; path = DropView.swift; sourceTree = "<group>"; };
		C492AA22208C7C8D0064AAF5 /* CollectionItem.swift */ = {isa = PBXFileReference; lastKnownFileType = sourcecode.swift; path = CollectionItem.swift; sourceTree = "<group>"; };
		C492AA23208C7C8D0064AAF5 /* CollectionItem.xib */ = {isa = PBXFileReference; lastKnownFileType = file.xib; path = CollectionItem.xib; sourceTree = "<group>"; };
		C4D6BFA9208B55C100C11035 /* Movie.swift */ = {isa = PBXFileReference; lastKnownFileType = sourcecode.swift; path = Movie.swift; sourceTree = "<group>"; };
		C4D6BFAB208B5AB900C11035 /* Tag.swift */ = {isa = PBXFileReference; lastKnownFileType = sourcecode.swift; path = Tag.swift; sourceTree = "<group>"; };
		C4D6BFAE208B5D4A00C11035 /* DataManager.swift */ = {isa = PBXFileReference; lastKnownFileType = sourcecode.swift; path = DataManager.swift; sourceTree = "<group>"; };
		C4D6BFB0208B68D100C11035 /* Extensions.swift */ = {isa = PBXFileReference; lastKnownFileType = sourcecode.swift; path = Extensions.swift; sourceTree = "<group>"; };
		C4DEEB8C208B4384006A1FAB /* MoviePicker.app */ = {isa = PBXFileReference; explicitFileType = wrapper.application; includeInIndex = 0; path = MoviePicker.app; sourceTree = BUILT_PRODUCTS_DIR; };
		C4DEEB8F208B4384006A1FAB /* AppDelegate.swift */ = {isa = PBXFileReference; lastKnownFileType = sourcecode.swift; path = AppDelegate.swift; sourceTree = "<group>"; };
		C4DEEB91208B4384006A1FAB /* MainViewController.swift */ = {isa = PBXFileReference; lastKnownFileType = sourcecode.swift; path = MainViewController.swift; sourceTree = "<group>"; };
		C4DEEB93208B4384006A1FAB /* Assets.xcassets */ = {isa = PBXFileReference; lastKnownFileType = folder.assetcatalog; path = Assets.xcassets; sourceTree = "<group>"; };
		C4DEEB96208B4384006A1FAB /* Base */ = {isa = PBXFileReference; lastKnownFileType = file.storyboard; name = Base; path = Base.lproj/Main.storyboard; sourceTree = "<group>"; };
		C4DEEB98208B4384006A1FAB /* Info.plist */ = {isa = PBXFileReference; lastKnownFileType = text.plist.xml; path = Info.plist; sourceTree = "<group>"; };
		C4DEEB99208B4384006A1FAB /* MoviePicker.entitlements */ = {isa = PBXFileReference; lastKnownFileType = text.plist.entitlements; path = MoviePicker.entitlements; sourceTree = "<group>"; };
		C4DEEB9F208B43E0006A1FAB /* FolderDropView.swift */ = {isa = PBXFileReference; fileEncoding = 4; lastKnownFileType = sourcecode.swift; path = FolderDropView.swift; sourceTree = "<group>"; };
/* End PBXFileReference section */

/* Begin PBXFrameworksBuildPhase section */
		C4DEEB89208B4384006A1FAB /* Frameworks */ = {
			isa = PBXFrameworksBuildPhase;
			buildActionMask = 2147483647;
			files = (
				FA4CA1551A19BC33196DE46A /* Pods_MoviePicker.framework in Frameworks */,
			);
			runOnlyForDeploymentPostprocessing = 0;
		};
/* End PBXFrameworksBuildPhase section */

/* Begin PBXGroup section */
		5EEF3135973CBC70098B4A4D /* Pods */ = {
			isa = PBXGroup;
			children = (
				9675E6705D1065D3213B96E3 /* Pods-MoviePicker.debug.xcconfig */,
				5B7A34A037A0751BFCFC5BF1 /* Pods-MoviePicker.release.xcconfig */,
			);
			name = Pods;
			sourceTree = "<group>";
		};
		75A799F93323C2C74D0A3EA2 /* Frameworks */ = {
			isa = PBXGroup;
			children = (
				C3E884548622516804E1970D /* Pods_MoviePicker.framework */,
			);
			name = Frameworks;
			sourceTree = "<group>";
		};
		C4D6BFA8208B55A000C11035 /* DataModel */ = {
			isa = PBXGroup;
			children = (
				C4D6BFA9208B55C100C11035 /* Movie.swift */,
				C4D6BFAB208B5AB900C11035 /* Tag.swift */,
				C4D6BFAE208B5D4A00C11035 /* DataManager.swift */,
			);
			path = DataModel;
			sourceTree = "<group>";
		};
		C4D6BFAD208B5BF000C11035 /* Controllers */ = {
			isa = PBXGroup;
			children = (
				C4DEEB91208B4384006A1FAB /* MainViewController.swift */,
			);
			path = Controllers;
			sourceTree = "<group>";
		};
		C4DEEB83208B4384006A1FAB = {
			isa = PBXGroup;
			children = (
				C4DEEB8E208B4384006A1FAB /* MoviePicker */,
				C4DEEB8D208B4384006A1FAB /* Products */,
				5EEF3135973CBC70098B4A4D /* Pods */,
				75A799F93323C2C74D0A3EA2 /* Frameworks */,
			);
			sourceTree = "<group>";
		};
		C4DEEB8D208B4384006A1FAB /* Products */ = {
			isa = PBXGroup;
			children = (
				C4DEEB8C208B4384006A1FAB /* MoviePicker.app */,
			);
			name = Products;
			sourceTree = "<group>";
		};
		C4DEEB8E208B4384006A1FAB /* MoviePicker */ = {
			isa = PBXGroup;
			children = (
				C4D6BFB0208B68D100C11035 /* Extensions.swift */,
				C4DEEB8F208B4384006A1FAB /* AppDelegate.swift */,
				C4D6BFAD208B5BF000C11035 /* Controllers */,
				C4D6BFA8208B55A000C11035 /* DataModel */,
				C4DEEBA3208B4739006A1FAB /* DropViews */,
				C4DEEB93208B4384006A1FAB /* Assets.xcassets */,
				C4DEEB95208B4384006A1FAB /* Main.storyboard */,
				C492AA22208C7C8D0064AAF5 /* CollectionItem.swift */,
				C492AA23208C7C8D0064AAF5 /* CollectionItem.xib */,
				C4DEEB98208B4384006A1FAB /* Info.plist */,
				C4DEEB99208B4384006A1FAB /* MoviePicker.entitlements */,
			);
			path = MoviePicker;
			sourceTree = "<group>";
		};
		C4DEEBA3208B4739006A1FAB /* DropViews */ = {
			isa = PBXGroup;
			children = (
				C4178A41208B8B80003FB5C8 /* DropView.swift */,
				C4DEEB9F208B43E0006A1FAB /* FolderDropView.swift */,
			);
			path = DropViews;
			sourceTree = "<group>";
		};
/* End PBXGroup section */

/* Begin PBXNativeTarget section */
		C4DEEB8B208B4384006A1FAB /* MoviePicker */ = {
			isa = PBXNativeTarget;
			buildConfigurationList = C4DEEB9C208B4384006A1FAB /* Build configuration list for PBXNativeTarget "MoviePicker" */;
			buildPhases = (
				5462D75BEFEA4ABBED1D0210 /* [CP] Check Pods Manifest.lock */,
				C4DEEB88208B4384006A1FAB /* Sources */,
				C4DEEB89208B4384006A1FAB /* Frameworks */,
				C4DEEB8A208B4384006A1FAB /* Resources */,
				BB158C6AE3D348664E75F042 /* [CP] Embed Pods Frameworks */,
				258FD46A605EC230BB736F50 /* [CP] Copy Pods Resources */,
			);
			buildRules = (
			);
			dependencies = (
			);
			name = MoviePicker;
			productName = MoviePicker;
			productReference = C4DEEB8C208B4384006A1FAB /* MoviePicker.app */;
			productType = "com.apple.product-type.application";
		};
/* End PBXNativeTarget section */

/* Begin PBXProject section */
		C4DEEB84208B4384006A1FAB /* Project object */ = {
			isa = PBXProject;
			attributes = {
				LastSwiftUpdateCheck = 0910;
				LastUpgradeCheck = 0910;
				ORGANIZATIONNAME = "Dylan Southard";
				TargetAttributes = {
					C4DEEB8B208B4384006A1FAB = {
						CreatedOnToolsVersion = 9.1;
						LastSwiftMigration = 0910;
						ProvisioningStyle = Automatic;
					};
				};
			};
			buildConfigurationList = C4DEEB87208B4384006A1FAB /* Build configuration list for PBXProject "MoviePicker" */;
			compatibilityVersion = "Xcode 8.0";
			developmentRegion = en;
			hasScannedForEncodings = 0;
			knownRegions = (
				en,
				Base,
			);
			mainGroup = C4DEEB83208B4384006A1FAB;
			productRefGroup = C4DEEB8D208B4384006A1FAB /* Products */;
			projectDirPath = "";
			projectRoot = "";
			targets = (
				C4DEEB8B208B4384006A1FAB /* MoviePicker */,
			);
		};
/* End PBXProject section */

/* Begin PBXResourcesBuildPhase section */
		C4DEEB8A208B4384006A1FAB /* Resources */ = {
			isa = PBXResourcesBuildPhase;
			buildActionMask = 2147483647;
			files = (
				C4DEEB94208B4384006A1FAB /* Assets.xcassets in Resources */,
				C4DEEB97208B4384006A1FAB /* Main.storyboard in Resources */,
				C492AA25208C7C8D0064AAF5 /* CollectionItem.xib in Resources */,
			);
			runOnlyForDeploymentPostprocessing = 0;
		};
/* End PBXResourcesBuildPhase section */

/* Begin PBXShellScriptBuildPhase section */
		258FD46A605EC230BB736F50 /* [CP] Copy Pods Resources */ = {
			isa = PBXShellScriptBuildPhase;
			buildActionMask = 2147483647;
			files = (
			);
			inputPaths = (
			);
			name = "[CP] Copy Pods Resources";
			outputPaths = (
			);
			runOnlyForDeploymentPostprocessing = 0;
			shellPath = /bin/sh;
			shellScript = "\"${SRCROOT}/Pods/Target Support Files/Pods-MoviePicker/Pods-MoviePicker-resources.sh\"\n";
			showEnvVarsInLog = 0;
		};
		5462D75BEFEA4ABBED1D0210 /* [CP] Check Pods Manifest.lock */ = {
			isa = PBXShellScriptBuildPhase;
			buildActionMask = 2147483647;
			files = (
			);
			inputPaths = (
				"${PODS_PODFILE_DIR_PATH}/Podfile.lock",
				"${PODS_ROOT}/Manifest.lock",
			);
			name = "[CP] Check Pods Manifest.lock";
			outputPaths = (
				"$(DERIVED_FILE_DIR)/Pods-MoviePicker-checkManifestLockResult.txt",
			);
			runOnlyForDeploymentPostprocessing = 0;
			shellPath = /bin/sh;
			shellScript = "diff \"${PODS_PODFILE_DIR_PATH}/Podfile.lock\" \"${PODS_ROOT}/Manifest.lock\" > /dev/null\nif [ $? != 0 ] ; then\n    # print error to STDERR\n    echo \"error: The sandbox is not in sync with the Podfile.lock. Run 'pod install' or update your CocoaPods installation.\" >&2\n    exit 1\nfi\n# This output is used by Xcode 'outputs' to avoid re-running this script phase.\necho \"SUCCESS\" > \"${SCRIPT_OUTPUT_FILE_0}\"\n";
			showEnvVarsInLog = 0;
		};
		BB158C6AE3D348664E75F042 /* [CP] Embed Pods Frameworks */ = {
			isa = PBXShellScriptBuildPhase;
			buildActionMask = 2147483647;
			files = (
			);
			inputPaths = (
				"${SRCROOT}/Pods/Target Support Files/Pods-MoviePicker/Pods-MoviePicker-frameworks.sh",
				"${BUILT_PRODUCTS_DIR}/Realm/Realm.framework",
				"${BUILT_PRODUCTS_DIR}/RealmSwift/RealmSwift.framework",
				"${BUILT_PRODUCTS_DIR}/SYFlatButton/SYFlatButton.framework",
				"${BUILT_PRODUCTS_DIR}/SwiftHEXColors/SwiftHEXColors.framework",
			);
			name = "[CP] Embed Pods Frameworks";
			outputPaths = (
				"${TARGET_BUILD_DIR}/${FRAMEWORKS_FOLDER_PATH}/Realm.framework",
				"${TARGET_BUILD_DIR}/${FRAMEWORKS_FOLDER_PATH}/RealmSwift.framework",
				"${TARGET_BUILD_DIR}/${FRAMEWORKS_FOLDER_PATH}/SYFlatButton.framework",
				"${TARGET_BUILD_DIR}/${FRAMEWORKS_FOLDER_PATH}/SwiftHEXColors.framework",
			);
			runOnlyForDeploymentPostprocessing = 0;
			shellPath = /bin/sh;
			shellScript = "\"${SRCROOT}/Pods/Target Support Files/Pods-MoviePicker/Pods-MoviePicker-frameworks.sh\"\n";
			showEnvVarsInLog = 0;
		};
/* End PBXShellScriptBuildPhase section */

/* Begin PBXSourcesBuildPhase section */
		C4DEEB88208B4384006A1FAB /* Sources */ = {
			isa = PBXSourcesBuildPhase;
			buildActionMask = 2147483647;
			files = (
				C4DEEB92208B4384006A1FAB /* MainViewController.swift in Sources */,
				C4178A42208B8B80003FB5C8 /* DropView.swift in Sources */,
				C4D6BFAC208B5AB900C11035 /* Tag.swift in Sources */,
				C4D6BFB1208B68D100C11035 /* Extensions.swift in Sources */,
				C4D6BFAF208B5D4A00C11035 /* DataManager.swift in Sources */,
				C4DEEB90208B4384006A1FAB /* AppDelegate.swift in Sources */,
				C4DEEBA1208B43E0006A1FAB /* FolderDropView.swift in Sources */,
				C4D6BFAA208B55C100C11035 /* Movie.swift in Sources */,
				C492AA24208C7C8D0064AAF5 /* CollectionItem.swift in Sources */,
			);
			runOnlyForDeploymentPostprocessing = 0;
		};
/* End PBXSourcesBuildPhase section */

/* Begin PBXVariantGroup section */
		C4DEEB95208B4384006A1FAB /* Main.storyboard */ = {
			isa = PBXVariantGroup;
			children = (
				C4DEEB96208B4384006A1FAB /* Base */,
			);
			name = Main.storyboard;
			sourceTree = "<group>";
		};
/* End PBXVariantGroup section */

/* Begin XCBuildConfiguration section */
		C4DEEB9A208B4384006A1FAB /* Debug */ = {
			isa = XCBuildConfiguration;
			buildSettings = {
				ALWAYS_SEARCH_USER_PATHS = NO;
				CLANG_ANALYZER_NONNULL = YES;
				CLANG_ANALYZER_NUMBER_OBJECT_CONVERSION = YES_AGGRESSIVE;
				CLANG_CXX_LANGUAGE_STANDARD = "gnu++14";
				CLANG_CXX_LIBRARY = "libc++";
				CLANG_ENABLE_MODULES = YES;
				CLANG_ENABLE_OBJC_ARC = YES;
				CLANG_WARN_BLOCK_CAPTURE_AUTORELEASING = YES;
				CLANG_WARN_BOOL_CONVERSION = YES;
				CLANG_WARN_COMMA = YES;
				CLANG_WARN_CONSTANT_CONVERSION = YES;
				CLANG_WARN_DIRECT_OBJC_ISA_USAGE = YES_ERROR;
				CLANG_WARN_DOCUMENTATION_COMMENTS = YES;
				CLANG_WARN_EMPTY_BODY = YES;
				CLANG_WARN_ENUM_CONVERSION = YES;
				CLANG_WARN_INFINITE_RECURSION = YES;
				CLANG_WARN_INT_CONVERSION = YES;
				CLANG_WARN_NON_LITERAL_NULL_CONVERSION = YES;
				CLANG_WARN_OBJC_LITERAL_CONVERSION = YES;
				CLANG_WARN_OBJC_ROOT_CLASS = YES_ERROR;
				CLANG_WARN_RANGE_LOOP_ANALYSIS = YES;
				CLANG_WARN_STRICT_PROTOTYPES = YES;
				CLANG_WARN_SUSPICIOUS_MOVE = YES;
				CLANG_WARN_UNGUARDED_AVAILABILITY = YES_AGGRESSIVE;
				CLANG_WARN_UNREACHABLE_CODE = YES;
				CLANG_WARN__DUPLICATE_METHOD_MATCH = YES;
				CODE_SIGN_IDENTITY = "Mac Developer";
				COPY_PHASE_STRIP = NO;
				DEBUG_INFORMATION_FORMAT = dwarf;
				ENABLE_STRICT_OBJC_MSGSEND = YES;
				ENABLE_TESTABILITY = YES;
				GCC_C_LANGUAGE_STANDARD = gnu11;
				GCC_DYNAMIC_NO_PIC = NO;
				GCC_NO_COMMON_BLOCKS = YES;
				GCC_OPTIMIZATION_LEVEL = 0;
				GCC_PREPROCESSOR_DEFINITIONS = (
					"DEBUG=1",
					"$(inherited)",
				);
				GCC_WARN_64_TO_32_BIT_CONVERSION = YES;
				GCC_WARN_ABOUT_RETURN_TYPE = YES_ERROR;
				GCC_WARN_UNDECLARED_SELECTOR = YES;
				GCC_WARN_UNINITIALIZED_AUTOS = YES_AGGRESSIVE;
				GCC_WARN_UNUSED_FUNCTION = YES;
				GCC_WARN_UNUSED_VARIABLE = YES;
				MACOSX_DEPLOYMENT_TARGET = 10.13;
				MTL_ENABLE_DEBUG_INFO = YES;
				ONLY_ACTIVE_ARCH = YES;
				SDKROOT = macosx;
				SWIFT_ACTIVE_COMPILATION_CONDITIONS = DEBUG;
				SWIFT_OPTIMIZATION_LEVEL = "-Onone";
			};
			name = Debug;
		};
		C4DEEB9B208B4384006A1FAB /* Release */ = {
			isa = XCBuildConfiguration;
			buildSettings = {
				ALWAYS_SEARCH_USER_PATHS = NO;
				CLANG_ANALYZER_NONNULL = YES;
				CLANG_ANALYZER_NUMBER_OBJECT_CONVERSION = YES_AGGRESSIVE;
				CLANG_CXX_LANGUAGE_STANDARD = "gnu++14";
				CLANG_CXX_LIBRARY = "libc++";
				CLANG_ENABLE_MODULES = YES;
				CLANG_ENABLE_OBJC_ARC = YES;
				CLANG_WARN_BLOCK_CAPTURE_AUTORELEASING = YES;
				CLANG_WARN_BOOL_CONVERSION = YES;
				CLANG_WARN_COMMA = YES;
				CLANG_WARN_CONSTANT_CONVERSION = YES;
				CLANG_WARN_DIRECT_OBJC_ISA_USAGE = YES_ERROR;
				CLANG_WARN_DOCUMENTATION_COMMENTS = YES;
				CLANG_WARN_EMPTY_BODY = YES;
				CLANG_WARN_ENUM_CONVERSION = YES;
				CLANG_WARN_INFINITE_RECURSION = YES;
				CLANG_WARN_INT_CONVERSION = YES;
				CLANG_WARN_NON_LITERAL_NULL_CONVERSION = YES;
				CLANG_WARN_OBJC_LITERAL_CONVERSION = YES;
				CLANG_WARN_OBJC_ROOT_CLASS = YES_ERROR;
				CLANG_WARN_RANGE_LOOP_ANALYSIS = YES;
				CLANG_WARN_STRICT_PROTOTYPES = YES;
				CLANG_WARN_SUSPICIOUS_MOVE = YES;
				CLANG_WARN_UNGUARDED_AVAILABILITY = YES_AGGRESSIVE;
				CLANG_WARN_UNREACHABLE_CODE = YES;
				CLANG_WARN__DUPLICATE_METHOD_MATCH = YES;
				CODE_SIGN_IDENTITY = "Mac Developer";
				COPY_PHASE_STRIP = NO;
				DEBUG_INFORMATION_FORMAT = "dwarf-with-dsym";
				ENABLE_NS_ASSERTIONS = NO;
				ENABLE_STRICT_OBJC_MSGSEND = YES;
				GCC_C_LANGUAGE_STANDARD = gnu11;
				GCC_NO_COMMON_BLOCKS = YES;
				GCC_WARN_64_TO_32_BIT_CONVERSION = YES;
				GCC_WARN_ABOUT_RETURN_TYPE = YES_ERROR;
				GCC_WARN_UNDECLARED_SELECTOR = YES;
				GCC_WARN_UNINITIALIZED_AUTOS = YES_AGGRESSIVE;
				GCC_WARN_UNUSED_FUNCTION = YES;
				GCC_WARN_UNUSED_VARIABLE = YES;
				MACOSX_DEPLOYMENT_TARGET = 10.13;
				MTL_ENABLE_DEBUG_INFO = NO;
				SDKROOT = macosx;
				SWIFT_OPTIMIZATION_LEVEL = "-Owholemodule";
			};
			name = Release;
		};
		C4DEEB9D208B4384006A1FAB /* Debug */ = {
			isa = XCBuildConfiguration;
			baseConfigurationReference = 9675E6705D1065D3213B96E3 /* Pods-MoviePicker.debug.xcconfig */;
			buildSettings = {
				ASSETCATALOG_COMPILER_APPICON_NAME = AppIcon;
				CLANG_ENABLE_MODULES = YES;
				CODE_SIGN_ENTITLEMENTS = MoviePicker/MoviePicker.entitlements;
				CODE_SIGN_IDENTITY = "Mac Developer";
				CODE_SIGN_STYLE = Automatic;
				COMBINE_HIDPI_IMAGES = YES;
				DEVELOPMENT_TEAM = UQ3BB547F3;
				INFOPLIST_FILE = MoviePicker/Info.plist;
				LD_RUNPATH_SEARCH_PATHS = "$(inherited) @executable_path/../Frameworks";
				PRODUCT_BUNDLE_IDENTIFIER = com.ihounokyaku.com.MoviePicker;
				PRODUCT_NAME = "$(TARGET_NAME)";
				PROVISIONING_PROFILE_SPECIFIER = "";
				SWIFT_OPTIMIZATION_LEVEL = "-Onone";
				SWIFT_VERSION = 4.0;
			};
			name = Debug;
		};
		C4DEEB9E208B4384006A1FAB /* Release */ = {
			isa = XCBuildConfiguration;
			baseConfigurationReference = 5B7A34A037A0751BFCFC5BF1 /* Pods-MoviePicker.release.xcconfig */;
			buildSettings = {
				ASSETCATALOG_COMPILER_APPICON_NAME = AppIcon;
				CLANG_ENABLE_MODULES = YES;
				CODE_SIGN_ENTITLEMENTS = MoviePicker/MoviePicker.entitlements;
				CODE_SIGN_IDENTITY = "Mac Developer";
				CODE_SIGN_STYLE = Automatic;
				COMBINE_HIDPI_IMAGES = YES;
				DEVELOPMENT_TEAM = UQ3BB547F3;
				INFOPLIST_FILE = MoviePicker/Info.plist;
				LD_RUNPATH_SEARCH_PATHS = "$(inherited) @executable_path/../Frameworks";
				PRODUCT_BUNDLE_IDENTIFIER = com.ihounokyaku.com.MoviePicker;
				PRODUCT_NAME = "$(TARGET_NAME)";
				PROVISIONING_PROFILE_SPECIFIER = "";
				SWIFT_VERSION = 4.0;
			};
			name = Release;
		};
/* End XCBuildConfiguration section */

/* Begin XCConfigurationList section */
		C4DEEB87208B4384006A1FAB /* Build configuration list for PBXProject "MoviePicker" */ = {
			isa = XCConfigurationList;
			buildConfigurations = (
				C4DEEB9A208B4384006A1FAB /* Debug */,
				C4DEEB9B208B4384006A1FAB /* Release */,
			);
			defaultConfigurationIsVisible = 0;
			defaultConfigurationName = Release;
		};
		C4DEEB9C208B4384006A1FAB /* Build configuration list for PBXNativeTarget "MoviePicker" */ = {
			isa = XCConfigurationList;
			buildConfigurations = (
				C4DEEB9D208B4384006A1FAB /* Debug */,
				C4DEEB9E208B4384006A1FAB /* Release */,
			);
			defaultConfigurationIsVisible = 0;
			defaultConfigurationName = Release;
		};
/* End XCConfigurationList section */
	};
	rootObject = C4DEEB84208B4384006A1FAB /* Project object */;
}
